
Microsoft Visual Studio Solution File, Format Version 12.00
# Visual Studio Version 17
VisualStudioVersion = 17.2.32516.85
MinimumVisualStudioVersion = 10.0.40219.1
Project("{FAE04EC0-301F-11D3-BF4B-00C04F79EFBC}") = "AppCqrsPattern", "AppCqrsPattern\AppCqrsPattern.csproj", "{6998D31E-73D3-4E39-8336-55A71D272B58}"
EndProject
Global
	GlobalSection(SolutionConfigurationPlatforms) = preSolution
		Debug|Any CPU = Debug|Any CPU
		Release|Any CPU = Release|Any CPU
	EndGlobalSection
	GlobalSection(ProjectConfigurationPlatforms) = postSolution
		{6998D31E-73D3-4E39-8336-55A71D272B58}.Debug|Any CPU.ActiveCfg = Debug|Any CPU
		{6998D31E-73D3-4E39-8336-55A71D272B58}.Debug|Any CPU.Build.0 = Debug|Any CPU
		{6998D31E-73D3-4E39-8336-55A71D272B58}.Release|Any CPU.ActiveCfg = Release|Any CPU
		{6998D31E-73D3-4E39-8336-55A71D272B58}.Release|Any CPU.Build.0 = Release|Any CPU
	EndGlobalSection
	GlobalSection(SolutionProperties) = preSolution
		HideSolutionNode = FALSE
	EndGlobalSection
	GlobalSection(ExtensibilityGlobals) = postSolution
		SolutionGuid = {55642304-5DD6-4A91-9328-40CA5EC6D99F}
	EndGlobalSection
EndGlobal
